Microsoft Visual Studio Solution File, Format Version 12.00
# Visual Studio Version 17
VisualStudioVersion = 17.5.2.0
MinimumVisualStudioVersion = 10.0.40219.1
Project("{FAE04EC0-301F-11D3-BF4B-00C04F79EFBC}") = "BokeeApi", "BokeeApi.csproj", "{8F146F3B-3353-E93A-A0E3-423CC6EEF7F7}"
EndProject
Global
	GlobalSection(SolutionConfigurationPlatforms) = preSolution
		Debug|Any CPU = Debug|Any CPU
		Release|Any CPU = Release|Any CPU
	EndGlobalSection
	GlobalSection(ProjectConfigurationPlatforms) = postSolution
		{8F146F3B-3353-E93A-A0E3-423CC6EEF7F7}.Debug|Any CPU.ActiveCfg = Debug|Any CPU
		{8F146F3B-3353-E93A-A0E3-423CC6EEF7F7}.Debug|Any CPU.Build.0 = Debug|Any CPU
		{8F146F3B-3353-E93A-A0E3-423CC6EEF7F7}.Release|Any CPU.ActiveCfg = Release|Any CPU
		{8F146F3B-3353-E93A-A0E3-423CC6EEF7F7}.Release|Any CPU.Build.0 = Release|Any CPU
	EndGlobalSection
	GlobalSection(SolutionProperties) = preSolution
		HideSolutionNode = FALSE
	EndGlobalSection
	GlobalSection(ExtensibilityGlobals) = postSolution
		SolutionGuid = {200DF3FF-37A4-4515-8BE8-7EC34F9FAA45}
	EndGlobalSection
EndGlobal
